// !$*UTF8*$!
{
	archiveVersion = 1;
	classes = {
	};
	objectVersion = 46;
	objects = {

/* Begin PBXBuildFile section */
		0D9B0912C264FD3919C73E01 /* libPods-pool-share-extension.a in Frameworks */ = {isa = PBXBuildFile; fileRef = 57B1FD25B2533D1732DD71D2 /* libPods-pool-share-extension.a */; };
		13B07FBC1A68108700A75B9A /* AppDelegate.m in Sources */ = {isa = PBXBuildFile; fileRef = 13B07FB01A68108700A75B9A /* AppDelegate.m */; };
		13B07FBF1A68108700A75B9A /* Images.xcassets in Resources */ = {isa = PBXBuildFile; fileRef = 13B07FB51A68108700A75B9A /* Images.xcassets */; };
		13B07FC11A68108700A75B9A /* main.m in Sources */ = {isa = PBXBuildFile; fileRef = 13B07FB71A68108700A75B9A /* main.m */; };
		3DE4DAD41476765101945408 /* libPods-pool.a in Frameworks */ = {isa = PBXBuildFile; fileRef = D43FF9D506E70904424FA7E9 /* libPods-pool.a */; };
		4846A7F9255133660057C774 /* Expo.plist in Resources */ = {isa = PBXBuildFile; fileRef = 4846A7F8255133660057C774 /* Expo.plist */; };
		4867FE55249A1CAA0094023A /* GoogleService-Info.plist in Resources */ = {isa = PBXBuildFile; fileRef = 4867FE54249A1CAA0094023A /* GoogleService-Info.plist */; };
		487629F02407CE27002336BB /* AuthenticationServices.framework in Frameworks */ = {isa = PBXBuildFile; fileRef = 487629EF2407CE26002336BB /* AuthenticationServices.framework */; };
		487D579B2434F130001EBFD0 /* Expo.plist in Resources */ = {isa = PBXBuildFile; fileRef = 487D579A2434F130001EBFD0 /* Expo.plist */; };
		489F399623F2A154003D483F /* ShareViewController.m in Sources */ = {isa = PBXBuildFile; fileRef = 489F399123F2A154003D483F /* ShareViewController.m */; };
		489F399823F2A154003D483F /* MainInterface.storyboard in Resources */ = {isa = PBXBuildFile; fileRef = 489F399423F2A154003D483F /* MainInterface.storyboard */; };
		48BC26E123F4B6FA007A7EEC /* SplashScreen.storyboard in Resources */ = {isa = PBXBuildFile; fileRef = 48BC26E023F4B6FA007A7EEC /* SplashScreen.storyboard */; };
		48E1AB5323F16B33006BFB0A /* Pool.appex in Embed App Extensions */ = {isa = PBXBuildFile; fileRef = 48E1AB4823F16B33006BFB0A /* Pool.appex */; settings = {ATTRIBUTES = (RemoveHeadersOnCopy, ); }; };
/* End PBXBuildFile section */

/* Begin PBXContainerItemProxy section */
		48E1AB5123F16B33006BFB0A /* PBXContainerItemProxy */ = {
			isa = PBXContainerItemProxy;
			containerPortal = 83CBB9F71A601CBA00E9B192 /* Project object */;
			proxyType = 1;
			remoteGlobalIDString = 48E1AB4723F16B33006BFB0A;
			remoteInfo = "share-extension";
		};
/* End PBXContainerItemProxy section */

/* Begin PBXCopyFilesBuildPhase section */
		48E1AB5723F16B33006BFB0A /* Embed App Extensions */ = {
			isa = PBXCopyFilesBuildPhase;
			buildActionMask = 2147483647;
			dstPath = "";
			dstSubfolderSpec = 13;
			files = (
				48E1AB5323F16B33006BFB0A /* Pool.appex in Embed App Extensions */,
			);
			name = "Embed App Extensions";
			runOnlyForDeploymentPostprocessing = 0;
		};
/* End PBXCopyFilesBuildPhase section */

/* Begin PBXFileReference section */
		008F07F21AC5B25A0029DE68 /* main.jsbundle */ = {isa = PBXFileReference; fileEncoding = 4; lastKnownFileType = text; path = main.jsbundle; sourceTree = "<group>"; };
		13B07F961A680F5B00A75B9A /* pool.app */ = {isa = PBXFileReference; explicitFileType = wrapper.application; includeInIndex = 0; path = pool.app; sourceTree = BUILT_PRODUCTS_DIR; };
		13B07FAF1A68108700A75B9A /* AppDelegate.h */ = {isa = PBXFileReference; fileEncoding = 4; lastKnownFileType = sourcecode.c.h; name = AppDelegate.h; path = pool/AppDelegate.h; sourceTree = "<group>"; };
		13B07FB01A68108700A75B9A /* AppDelegate.m */ = {isa = PBXFileReference; fileEncoding = 4; lastKnownFileType = sourcecode.c.objc; name = AppDelegate.m; path = pool/AppDelegate.m; sourceTree = "<group>"; };
		13B07FB51A68108700A75B9A /* Images.xcassets */ = {isa = PBXFileReference; lastKnownFileType = folder.assetcatalog; name = Images.xcassets; path = pool/Images.xcassets; sourceTree = "<group>"; };
		13B07FB61A68108700A75B9A /* Info.plist */ = {isa = PBXFileReference; fileEncoding = 4; lastKnownFileType = text.plist.xml; name = Info.plist; path = pool/Info.plist; sourceTree = "<group>"; };
		13B07FB71A68108700A75B9A /* main.m */ = {isa = PBXFileReference; fileEncoding = 4; lastKnownFileType = sourcecode.c.objc; name = main.m; path = pool/main.m; sourceTree = "<group>"; };
		20E5FF86AA2B4011597F9522 /* Pods-pool-share-extension.release.xcconfig */ = {isa = PBXFileReference; includeInIndex = 1; lastKnownFileType = text.xcconfig; name = "Pods-pool-share-extension.release.xcconfig"; path = "Target Support Files/Pods-pool-share-extension/Pods-pool-share-extension.release.xcconfig"; sourceTree = "<group>"; };
		2D16E6891FA4F8E400B85C8A /* libReact.a */ = {isa = PBXFileReference; explicitFileType = archive.ar; path = libReact.a; sourceTree = BUILT_PRODUCTS_DIR; };
		3B47C5AFCB8BDE514B7D1AC6 /* Pods-pool.debug.xcconfig */ = {isa = PBXFileReference; includeInIndex = 1; lastKnownFileType = text.xcconfig; name = "Pods-pool.debug.xcconfig"; path = "Target Support Files/Pods-pool/Pods-pool.debug.xcconfig"; sourceTree = "<group>"; };
		4846A7F8255133660057C774 /* Expo.plist */ = {isa = PBXFileReference; fileEncoding = 4; lastKnownFileType = text.plist.xml; path = Expo.plist; sourceTree = "<group>"; };
		4867FE54249A1CAA0094023A /* GoogleService-Info.plist */ = {isa = PBXFileReference; fileEncoding = 4; lastKnownFileType = text.plist.xml; path = "GoogleService-Info.plist"; sourceTree = "<group>"; };
		487629EF2407CE26002336BB /* AuthenticationServices.framework */ = {isa = PBXFileReference; lastKnownFileType = wrapper.framework; name = AuthenticationServices.framework; path = System/Library/Frameworks/AuthenticationServices.framework; sourceTree = SDKROOT; };
		487D579A2434F130001EBFD0 /* Expo.plist */ = {isa = PBXFileReference; fileEncoding = 4; lastKnownFileType = text.plist.xml; name = Expo.plist; path = pool/Supporting/Expo.plist; sourceTree = "<group>"; };
		489F399023F2A154003D483F /* share-extensionDebug.entitlements */ = {isa = PBXFileReference; fileEncoding = 4; lastKnownFileType = text.plist.entitlements; path = "share-extensionDebug.entitlements"; sourceTree = "<group>"; };
		489F399123F2A154003D483F /* ShareViewController.m */ = {isa = PBXFileReference; fileEncoding = 4; lastKnownFileType = sourcecode.c.objc; path = ShareViewController.m; sourceTree = "<group>"; };
		489F399223F2A154003D483F /* Info.plist */ = {isa = PBXFileReference; fileEncoding = 4; lastKnownFileType = text.plist.xml; path = Info.plist; sourceTree = "<group>"; };
		489F399323F2A154003D483F /* ShareViewController.h */ = {isa = PBXFileReference; fileEncoding = 4; lastKnownFileType = sourcecode.c.h; path = ShareViewController.h; sourceTree = "<group>"; };
		489F399423F2A154003D483F /* MainInterface.storyboard */ = {isa = PBXFileReference; fileEncoding = 4; lastKnownFileType = file.storyboard; path = MainInterface.storyboard; sourceTree = "<group>"; };
		489F399523F2A154003D483F /* share-extensionRelease.entitlements */ = {isa = PBXFileReference; fileEncoding = 4; lastKnownFileType = text.plist.entitlements; path = "share-extensionRelease.entitlements"; sourceTree = "<group>"; };
		48BC26E023F4B6FA007A7EEC /* SplashScreen.storyboard */ = {isa = PBXFileReference; lastKnownFileType = file.storyboard; path = SplashScreen.storyboard; sourceTree = "<group>"; };
		48E1AB4823F16B33006BFB0A /* Pool.appex */ = {isa = PBXFileReference; explicitFileType = "wrapper.app-extension"; includeInIndex = 0; path = Pool.appex; sourceTree = BUILT_PRODUCTS_DIR; };
		48E1AB5823F16F8D006BFB0A /* libDoubleConversion.a */ = {isa = PBXFileReference; explicitFileType = archive.ar; path = libDoubleConversion.a; sourceTree = BUILT_PRODUCTS_DIR; };
		48E1AB5923F16F8D006BFB0A /* libEXAppLoaderProvider.a */ = {isa = PBXFileReference; explicitFileType = archive.ar; path = libEXAppLoaderProvider.a; sourceTree = BUILT_PRODUCTS_DIR; };
		48E1AB5A23F16F8D006BFB0A /* libEXConstants.a */ = {isa = PBXFileReference; explicitFileType = archive.ar; path = libEXConstants.a; sourceTree = BUILT_PRODUCTS_DIR; };
		48E1AB5B23F16F8D006BFB0A /* libEXErrorRecovery.a */ = {isa = PBXFileReference; explicitFileType = archive.ar; path = libEXErrorRecovery.a; sourceTree = BUILT_PRODUCTS_DIR; };
		48E1AB5C23F16F8D006BFB0A /* libEXFileSystem.a */ = {isa = PBXFileReference; explicitFileType = archive.ar; path = libEXFileSystem.a; sourceTree = BUILT_PRODUCTS_DIR; };
		48E1AB5D23F16F8D006BFB0A /* libEXFont.a */ = {isa = PBXFileReference; explicitFileType = archive.ar; path = libEXFont.a; sourceTree = BUILT_PRODUCTS_DIR; };
		48E1AB5E23F16F8D006BFB0A /* libEXHaptics.a */ = {isa = PBXFileReference; explicitFileType = archive.ar; path = libEXHaptics.a; sourceTree = BUILT_PRODUCTS_DIR; };
		48E1AB5F23F16F8D006BFB0A /* libEXKeepAwake.a */ = {isa = PBXFileReference; explicitFileType = archive.ar; path = libEXKeepAwake.a; sourceTree = BUILT_PRODUCTS_DIR; };
		48E1AB6023F16F8D006BFB0A /* libEXLinearGradient.a */ = {isa = PBXFileReference; explicitFileType = archive.ar; path = libEXLinearGradient.a; sourceTree = BUILT_PRODUCTS_DIR; };
		48E1AB6123F16F8D006BFB0A /* libEXLocalization.a */ = {isa = PBXFileReference; explicitFileType = archive.ar; path = libEXLocalization.a; sourceTree = BUILT_PRODUCTS_DIR; };
		48E1AB6223F16F8D006BFB0A /* libEXLocation.a */ = {isa = PBXFileReference; explicitFileType = archive.ar; path = libEXLocation.a; sourceTree = BUILT_PRODUCTS_DIR; };
		48E1AB6323F16F8D006BFB0A /* libEXPermissions.a */ = {isa = PBXFileReference; explicitFileType = archive.ar; path = libEXPermissions.a; sourceTree = BUILT_PRODUCTS_DIR; };
		48E1AB6423F16F8D006BFB0A /* libEXSecureStore.a */ = {isa = PBXFileReference; explicitFileType = archive.ar; path = libEXSecureStore.a; sourceTree = BUILT_PRODUCTS_DIR; };
		48E1AB6523F16F8D006BFB0A /* libEXSharing.a */ = {isa = PBXFileReference; explicitFileType = archive.ar; path = libEXSharing.a; sourceTree = BUILT_PRODUCTS_DIR; };
		48E1AB6623F16F8D006BFB0A /* libEXSQLite.a */ = {isa = PBXFileReference; explicitFileType = archive.ar; path = libEXSQLite.a; sourceTree = BUILT_PRODUCTS_DIR; };
		48E1AB6723F16F8D006BFB0A /* libEXWebBrowser.a */ = {isa = PBXFileReference; explicitFileType = archive.ar; path = libEXWebBrowser.a; sourceTree = BUILT_PRODUCTS_DIR; };
		48E1AB6823F16F8D006BFB0A /* libFBReactNativeSpec.a */ = {isa = PBXFileReference; explicitFileType = archive.ar; path = libFBReactNativeSpec.a; sourceTree = BUILT_PRODUCTS_DIR; };
		48E1AB6923F16F8D006BFB0A /* libFolly.a */ = {isa = PBXFileReference; explicitFileType = archive.ar; path = libFolly.a; sourceTree = BUILT_PRODUCTS_DIR; };
		48E1AB6A23F16F8D006BFB0A /* libglog.a */ = {isa = PBXFileReference; explicitFileType = archive.ar; path = libglog.a; sourceTree = BUILT_PRODUCTS_DIR; };
		48E1AB6C23F16F8D006BFB0A /* libRCTTypeSafety.a */ = {isa = PBXFileReference; explicitFileType = archive.ar; path = libRCTTypeSafety.a; sourceTree = BUILT_PRODUCTS_DIR; };
		48E1AB6D23F16F8D006BFB0A /* libReact-Core.a */ = {isa = PBXFileReference; explicitFileType = archive.ar; path = "libReact-Core.a"; sourceTree = BUILT_PRODUCTS_DIR; };
		48E1AB6E23F16F8D006BFB0A /* libReact-CoreModules.a */ = {isa = PBXFileReference; explicitFileType = archive.ar; path = "libReact-CoreModules.a"; sourceTree = BUILT_PRODUCTS_DIR; };
		48E1AB6F23F16F8D006BFB0A /* libReact-cxxreact.a */ = {isa = PBXFileReference; explicitFileType = archive.ar; path = "libReact-cxxreact.a"; sourceTree = BUILT_PRODUCTS_DIR; };
		48E1AB7023F16F8D006BFB0A /* libReact-jsi.a */ = {isa = PBXFileReference; explicitFileType = archive.ar; path = "libReact-jsi.a"; sourceTree = BUILT_PRODUCTS_DIR; };
		48E1AB7123F16F8D006BFB0A /* libReact-jsiexecutor.a */ = {isa = PBXFileReference; explicitFileType = archive.ar; path = "libReact-jsiexecutor.a"; sourceTree = BUILT_PRODUCTS_DIR; };
		48E1AB7223F16F8D006BFB0A /* libReact-jsinspector.a */ = {isa = PBXFileReference; explicitFileType = archive.ar; path = "libReact-jsinspector.a"; sourceTree = BUILT_PRODUCTS_DIR; };
		48E1AB7323F16F8D006BFB0A /* libreact-native-safe-area-context.a */ = {isa = PBXFileReference; explicitFileType = archive.ar; path = "libreact-native-safe-area-context.a"; sourceTree = BUILT_PRODUCTS_DIR; };
		48E1AB7423F16F8D006BFB0A /* libreact-native-webview.a */ = {isa = PBXFileReference; explicitFileType = archive.ar; path = "libreact-native-webview.a"; sourceTree = BUILT_PRODUCTS_DIR; };
		48E1AB7523F16F8D006BFB0A /* libReact-RCTActionSheet.a */ = {isa = PBXFileReference; explicitFileType = archive.ar; path = "libReact-RCTActionSheet.a"; sourceTree = BUILT_PRODUCTS_DIR; };
		48E1AB7623F16F8D006BFB0A /* libReact-RCTAnimation.a */ = {isa = PBXFileReference; explicitFileType = archive.ar; path = "libReact-RCTAnimation.a"; sourceTree = BUILT_PRODUCTS_DIR; };
		48E1AB7723F16F8D006BFB0A /* libReact-RCTBlob.a */ = {isa = PBXFileReference; explicitFileType = archive.ar; path = "libReact-RCTBlob.a"; sourceTree = BUILT_PRODUCTS_DIR; };
		48E1AB7823F16F8D006BFB0A /* libReact-RCTImage.a */ = {isa = PBXFileReference; explicitFileType = archive.ar; path = "libReact-RCTImage.a"; sourceTree = BUILT_PRODUCTS_DIR; };
		48E1AB7923F16F8D006BFB0A /* libReact-RCTLinking.a */ = {isa = PBXFileReference; explicitFileType = archive.ar; path = "libReact-RCTLinking.a"; sourceTree = BUILT_PRODUCTS_DIR; };
		48E1AB7A23F16F8D006BFB0A /* libReact-RCTNetwork.a */ = {isa = PBXFileReference; explicitFileType = archive.ar; path = "libReact-RCTNetwork.a"; sourceTree = BUILT_PRODUCTS_DIR; };
		48E1AB7B23F16F8D006BFB0A /* libReact-RCTSettings.a */ = {isa = PBXFileReference; explicitFileType = archive.ar; path = "libReact-RCTSettings.a"; sourceTree = BUILT_PRODUCTS_DIR; };
		48E1AB7C23F16F8D006BFB0A /* libReact-RCTText.a */ = {isa = PBXFileReference; explicitFileType = archive.ar; path = "libReact-RCTText.a"; sourceTree = BUILT_PRODUCTS_DIR; };
		48E1AB7D23F16F8D006BFB0A /* libReact-RCTVibration.a */ = {isa = PBXFileReference; explicitFileType = archive.ar; path = "libReact-RCTVibration.a"; sourceTree = BUILT_PRODUCTS_DIR; };
		48E1AB7E23F16F8D006BFB0A /* libReactCommon.a */ = {isa = PBXFileReference; explicitFileType = archive.ar; path = libReactCommon.a; sourceTree = BUILT_PRODUCTS_DIR; };
		48E1AB7F23F16F8D006BFB0A /* libRNCMaskedView.a */ = {isa = PBXFileReference; explicitFileType = archive.ar; path = libRNCMaskedView.a; sourceTree = BUILT_PRODUCTS_DIR; };
		48E1AB8023F16F8D006BFB0A /* libRNGestureHandler.a */ = {isa = PBXFileReference; explicitFileType = archive.ar; path = libRNGestureHandler.a; sourceTree = BUILT_PRODUCTS_DIR; };
		48E1AB8123F16F8D006BFB0A /* libRNReanimated.a */ = {isa = PBXFileReference; explicitFileType = archive.ar; path = libRNReanimated.a; sourceTree = BUILT_PRODUCTS_DIR; };
		48E1AB8223F16F8D006BFB0A /* libRNScreens.a */ = {isa = PBXFileReference; explicitFileType = archive.ar; path = libRNScreens.a; sourceTree = BUILT_PRODUCTS_DIR; };
		48E1AB8323F16F8D006BFB0A /* libUMCore.a */ = {isa = PBXFileReference; explicitFileType = archive.ar; path = libUMCore.a; sourceTree = BUILT_PRODUCTS_DIR; };
		48E1AB8423F16F8D006BFB0A /* libUMPermissionsInterface.a */ = {isa = PBXFileReference; explicitFileType = archive.ar; path = libUMPermissionsInterface.a; sourceTree = BUILT_PRODUCTS_DIR; };
		48E1AB8523F16F8D006BFB0A /* libUMReactNativeAdapter.a */ = {isa = PBXFileReference; explicitFileType = archive.ar; path = libUMReactNativeAdapter.a; sourceTree = BUILT_PRODUCTS_DIR; };
		48E1AB8623F16F8D006BFB0A /* libYoga.a */ = {isa = PBXFileReference; explicitFileType = archive.ar; path = libYoga.a; sourceTree = BUILT_PRODUCTS_DIR; };
		48F9CCE623F1AB3500C3F9AE /* poolRelease.entitlements */ = {isa = PBXFileReference; lastKnownFileType = text.plist.entitlements; name = poolRelease.entitlements; path = pool/poolRelease.entitlements; sourceTree = "<group>"; };
		48F9CCE723F1AB4F00C3F9AE /* poolDebug.entitlements */ = {isa = PBXFileReference; lastKnownFileType = text.plist.entitlements; name = poolDebug.entitlements; path = pool/poolDebug.entitlements; sourceTree = "<group>"; };
		57B1FD25B2533D1732DD71D2 /* libPods-pool-share-extension.a */ = {isa = PBXFileReference; explicitFileType = archive.ar; includeInIndex = 0; path = "libPods-pool-share-extension.a"; sourceTree = BUILT_PRODUCTS_DIR; };
		8AC623DBF3A3E2CB072F81F2 /* Pods-pool.release.xcconfig */ = {isa = PBXFileReference; includeInIndex = 1; lastKnownFileType = text.xcconfig; name = "Pods-pool.release.xcconfig"; path = "Target Support Files/Pods-pool/Pods-pool.release.xcconfig"; sourceTree = "<group>"; };
		CDB9E93F08F35E7E2289736C /* Pods-pool-share-extension.debug.xcconfig */ = {isa = PBXFileReference; includeInIndex = 1; lastKnownFileType = text.xcconfig; name = "Pods-pool-share-extension.debug.xcconfig"; path = "Target Support Files/Pods-pool-share-extension/Pods-pool-share-extension.debug.xcconfig"; sourceTree = "<group>"; };
		D43FF9D506E70904424FA7E9 /* libPods-pool.a */ = {isa = PBXFileReference; explicitFileType = archive.ar; includeInIndex = 0; path = "libPods-pool.a"; sourceTree = BUILT_PRODUCTS_DIR; };
		ED297162215061F000B7C4FE /* JavaScriptCore.framework */ = {isa = PBXFileReference; lastKnownFileType = wrapper.framework; name = JavaScriptCore.framework; path = System/Library/Frameworks/JavaScriptCore.framework; sourceTree = SDKROOT; };
		ED2971642150620600B7C4FE /* JavaScriptCore.framework */ = {isa = PBXFileReference; lastKnownFileType = wrapper.framework; name = JavaScriptCore.framework; path = Platforms/AppleTVOS.platform/Developer/SDKs/AppleTVOS12.0.sdk/System/Library/Frameworks/JavaScriptCore.framework; sourceTree = DEVELOPER_DIR; };
/* End PBXFileReference section */

/* Begin PBXFrameworksBuildPhase section */
		13B07F8C1A680F5B00A75B9A /* Frameworks */ = {
			isa = PBXFrameworksBuildPhase;
			buildActionMask = 2147483647;
			files = (
				487629F02407CE27002336BB /* AuthenticationServices.framework in Frameworks */,
				3DE4DAD41476765101945408 /* libPods-pool.a in Frameworks */,
			);
			runOnlyForDeploymentPostprocessing = 0;
		};
		48E1AB4523F16B33006BFB0A /* Frameworks */ = {
			isa = PBXFrameworksBuildPhase;
			buildActionMask = 2147483647;
			files = (
				0D9B0912C264FD3919C73E01 /* libPods-pool-share-extension.a in Frameworks */,
			);
			runOnlyForDeploymentPostprocessing = 0;
		};
/* End PBXFrameworksBuildPhase section */

/* Begin PBXGroup section */
		13B07FAE1A68108700A75B9A /* pool */ = {
			isa = PBXGroup;
			children = (
				487D579A2434F130001EBFD0 /* Expo.plist */,
				4867FE54249A1CAA0094023A /* GoogleService-Info.plist */,
				48F9CCE723F1AB4F00C3F9AE /* poolDebug.entitlements */,
				48F9CCE623F1AB3500C3F9AE /* poolRelease.entitlements */,
				008F07F21AC5B25A0029DE68 /* main.jsbundle */,
				13B07FAF1A68108700A75B9A /* AppDelegate.h */,
				13B07FB01A68108700A75B9A /* AppDelegate.m */,
				13B07FB51A68108700A75B9A /* Images.xcassets */,
				13B07FB61A68108700A75B9A /* Info.plist */,
				13B07FB71A68108700A75B9A /* main.m */,
				48BC26E023F4B6FA007A7EEC /* SplashScreen.storyboard */,
			);
			name = pool;
			sourceTree = "<group>";
		};
		2D16E6871FA4F8E400B85C8A /* Frameworks */ = {
			isa = PBXGroup;
			children = (
				487629EF2407CE26002336BB /* AuthenticationServices.framework */,
				48E1AB5823F16F8D006BFB0A /* libDoubleConversion.a */,
				48E1AB5923F16F8D006BFB0A /* libEXAppLoaderProvider.a */,
				48E1AB5A23F16F8D006BFB0A /* libEXConstants.a */,
				48E1AB5B23F16F8D006BFB0A /* libEXErrorRecovery.a */,
				48E1AB5C23F16F8D006BFB0A /* libEXFileSystem.a */,
				48E1AB5D23F16F8D006BFB0A /* libEXFont.a */,
				48E1AB5E23F16F8D006BFB0A /* libEXHaptics.a */,
				48E1AB5F23F16F8D006BFB0A /* libEXKeepAwake.a */,
				48E1AB6023F16F8D006BFB0A /* libEXLinearGradient.a */,
				48E1AB6123F16F8D006BFB0A /* libEXLocalization.a */,
				48E1AB6223F16F8D006BFB0A /* libEXLocation.a */,
				48E1AB6323F16F8D006BFB0A /* libEXPermissions.a */,
				48E1AB6423F16F8D006BFB0A /* libEXSecureStore.a */,
				48E1AB6523F16F8D006BFB0A /* libEXSharing.a */,
				48E1AB6623F16F8D006BFB0A /* libEXSQLite.a */,
				48E1AB6723F16F8D006BFB0A /* libEXWebBrowser.a */,
				48E1AB6823F16F8D006BFB0A /* libFBReactNativeSpec.a */,
				48E1AB6923F16F8D006BFB0A /* libFolly.a */,
				48E1AB6A23F16F8D006BFB0A /* libglog.a */,
				48E1AB6C23F16F8D006BFB0A /* libRCTTypeSafety.a */,
				48E1AB6D23F16F8D006BFB0A /* libReact-Core.a */,
				48E1AB6E23F16F8D006BFB0A /* libReact-CoreModules.a */,
				48E1AB6F23F16F8D006BFB0A /* libReact-cxxreact.a */,
				48E1AB7023F16F8D006BFB0A /* libReact-jsi.a */,
				48E1AB7123F16F8D006BFB0A /* libReact-jsiexecutor.a */,
				48E1AB7223F16F8D006BFB0A /* libReact-jsinspector.a */,
				48E1AB7323F16F8D006BFB0A /* libreact-native-safe-area-context.a */,
				48E1AB7423F16F8D006BFB0A /* libreact-native-webview.a */,
				48E1AB7523F16F8D006BFB0A /* libReact-RCTActionSheet.a */,
				48E1AB7623F16F8D006BFB0A /* libReact-RCTAnimation.a */,
				48E1AB7723F16F8D006BFB0A /* libReact-RCTBlob.a */,
				48E1AB7823F16F8D006BFB0A /* libReact-RCTImage.a */,
				48E1AB7923F16F8D006BFB0A /* libReact-RCTLinking.a */,
				48E1AB7A23F16F8D006BFB0A /* libReact-RCTNetwork.a */,
				48E1AB7B23F16F8D006BFB0A /* libReact-RCTSettings.a */,
				48E1AB7C23F16F8D006BFB0A /* libReact-RCTText.a */,
				48E1AB7D23F16F8D006BFB0A /* libReact-RCTVibration.a */,
				48E1AB7E23F16F8D006BFB0A /* libReactCommon.a */,
				48E1AB7F23F16F8D006BFB0A /* libRNCMaskedView.a */,
				48E1AB8023F16F8D006BFB0A /* libRNGestureHandler.a */,
				48E1AB8123F16F8D006BFB0A /* libRNReanimated.a */,
				48E1AB8223F16F8D006BFB0A /* libRNScreens.a */,
				48E1AB8323F16F8D006BFB0A /* libUMCore.a */,
				48E1AB8423F16F8D006BFB0A /* libUMPermissionsInterface.a */,
				48E1AB8523F16F8D006BFB0A /* libUMReactNativeAdapter.a */,
				48E1AB8623F16F8D006BFB0A /* libYoga.a */,
				ED297162215061F000B7C4FE /* JavaScriptCore.framework */,
				ED2971642150620600B7C4FE /* JavaScriptCore.framework */,
				2D16E6891FA4F8E400B85C8A /* libReact.a */,
				D43FF9D506E70904424FA7E9 /* libPods-pool.a */,
				57B1FD25B2533D1732DD71D2 /* libPods-pool-share-extension.a */,
			);
			name = Frameworks;
			sourceTree = "<group>";
		};
		48E1AB4923F16B33006BFB0A /* share-extension */ = {
			isa = PBXGroup;
			children = (
				4846A7F8255133660057C774 /* Expo.plist */,
				489F399223F2A154003D483F /* Info.plist */,
				489F399423F2A154003D483F /* MainInterface.storyboard */,
				489F399023F2A154003D483F /* share-extensionDebug.entitlements */,
				489F399523F2A154003D483F /* share-extensionRelease.entitlements */,
				489F399323F2A154003D483F /* ShareViewController.h */,
				489F399123F2A154003D483F /* ShareViewController.m */,
			);
			path = "share-extension";
			sourceTree = "<group>";
		};
		72E5486571395D51695C2A02 /* Pods */ = {
			isa = PBXGroup;
			children = (
				3B47C5AFCB8BDE514B7D1AC6 /* Pods-pool.debug.xcconfig */,
				8AC623DBF3A3E2CB072F81F2 /* Pods-pool.release.xcconfig */,
				CDB9E93F08F35E7E2289736C /* Pods-pool-share-extension.debug.xcconfig */,
				20E5FF86AA2B4011597F9522 /* Pods-pool-share-extension.release.xcconfig */,
			);
			path = Pods;
			sourceTree = "<group>";
		};
		832341AE1AAA6A7D00B99B32 /* Libraries */ = {
			isa = PBXGroup;
			children = (
			);
			name = Libraries;
			sourceTree = "<group>";
		};
		83CBB9F61A601CBA00E9B192 = {
			isa = PBXGroup;
			children = (
				13B07FAE1A68108700A75B9A /* pool */,
				832341AE1AAA6A7D00B99B32 /* Libraries */,
				48E1AB4923F16B33006BFB0A /* share-extension */,
				83CBBA001A601CBA00E9B192 /* Products */,
				2D16E6871FA4F8E400B85C8A /* Frameworks */,
				72E5486571395D51695C2A02 /* Pods */,
			);
			indentWidth = 2;
			sourceTree = "<group>";
			tabWidth = 2;
			usesTabs = 0;
		};
		83CBBA001A601CBA00E9B192 /* Products */ = {
			isa = PBXGroup;
			children = (
				13B07F961A680F5B00A75B9A /* pool.app */,
				48E1AB4823F16B33006BFB0A /* Pool.appex */,
			);
			name = Products;
			sourceTree = "<group>";
		};
/* End PBXGroup section */

/* Begin PBXNativeTarget section */
		13B07F861A680F5B00A75B9A /* pool */ = {
			isa = PBXNativeTarget;
			buildConfigurationList = 13B07F931A680F5B00A75B9A /* Build configuration list for PBXNativeTarget "pool" */;
			buildPhases = (
				F8BC737F2AD7A05944D9E2A1 /* [CP] Check Pods Manifest.lock */,
				8565826129C0ED5FC11DE423 /* [CP] Copy Pods Resources */,
				FD4C38642228810C00325AF5 /* Start Packager */,
				13B07F871A680F5B00A75B9A /* Sources */,
				13B07F8C1A680F5B00A75B9A /* Frameworks */,
				13B07F8E1A680F5B00A75B9A /* Resources */,
				00DD1BFF1BD5951E006B06BC /* Bundle Expo Assets (React Native code and images) */,
				48E1AB5723F16B33006BFB0A /* Embed App Extensions */,
				5D34C5C9EDF84A6CA7A0E6E7 /* Upload Debug Symbols to Sentry */,
			);
			buildRules = (
			);
			dependencies = (
				48E1AB5223F16B33006BFB0A /* PBXTargetDependency */,
			);
			name = pool;
			productName = "Hello World";
			productReference = 13B07F961A680F5B00A75B9A /* pool.app */;
			productType = "com.apple.product-type.application";
		};
		48E1AB4723F16B33006BFB0A /* share-extension */ = {
			isa = PBXNativeTarget;
			buildConfigurationList = 48E1AB5423F16B33006BFB0A /* Build configuration list for PBXNativeTarget "share-extension" */;
			buildPhases = (
				B30900A14C60802EBB9FD7B0 /* [CP] Check Pods Manifest.lock */,
				406FE5BB9051AF567AA5088B /* [CP] Copy Pods Resources */,
				48E1AB4423F16B33006BFB0A /* Sources */,
				48E1AB4523F16B33006BFB0A /* Frameworks */,
				48E1AB4623F16B33006BFB0A /* Resources */,
				489F39A123F30E5A003D483F /* Bundle Expo Assets (React Native code and images) */,
			);
			buildRules = (
			);
			dependencies = (
			);
			name = "share-extension";
			productName = "share-extension";
			productReference = 48E1AB4823F16B33006BFB0A /* Pool.appex */;
			productType = "com.apple.product-type.app-extension";
		};
/* End PBXNativeTarget section */

/* Begin PBXProject section */
		83CBB9F71A601CBA00E9B192 /* Project object */ = {
			isa = PBXProject;
			attributes = {
				LastUpgradeCheck = 1130;
				ORGANIZATIONNAME = Pool;
				TargetAttributes = {
					13B07F861A680F5B00A75B9A = {
						DevelopmentTeam = 3RSX3Y59GX;
						ProvisioningStyle = Manual;
					};
					48E1AB4723F16B33006BFB0A = {
						CreatedOnToolsVersion = 11.0;
						DevelopmentTeam = 3RSX3Y59GX;
						ProvisioningStyle = Manual;
					};
				};
			};
			buildConfigurationList = 83CBB9FA1A601CBA00E9B192 /* Build configuration list for PBXProject "pool" */;
			compatibilityVersion = "Xcode 3.2";
			developmentRegion = en;
			hasScannedForEncodings = 0;
			knownRegions = (
				en,
				Base,
			);
			mainGroup = 83CBB9F61A601CBA00E9B192;
			productRefGroup = 83CBBA001A601CBA00E9B192 /* Products */;
			projectDirPath = "";
			projectRoot = "";
			targets = (
				13B07F861A680F5B00A75B9A /* pool */,
				48E1AB4723F16B33006BFB0A /* share-extension */,
			);
		};
/* End PBXProject section */

/* Begin PBXResourcesBuildPhase section */
		13B07F8E1A680F5B00A75B9A /* Resources */ = {
			isa = PBXResourcesBuildPhase;
			buildActionMask = 2147483647;
			files = (
				487D579B2434F130001EBFD0 /* Expo.plist in Resources */,
				48BC26E123F4B6FA007A7EEC /* SplashScreen.storyboard in Resources */,
				13B07FBF1A68108700A75B9A /* Images.xcassets in Resources */,
				4867FE55249A1CAA0094023A /* GoogleService-Info.plist in Resources */,
			);
			runOnlyForDeploymentPostprocessing = 0;
		};
		48E1AB4623F16B33006BFB0A /* Resources */ = {
			isa = PBXResourcesBuildPhase;
			buildActionMask = 2147483647;
			files = (
				4846A7F9255133660057C774 /* Expo.plist in Resources */,
				489F399823F2A154003D483F /* MainInterface.storyboard in Resources */,
			);
			runOnlyForDeploymentPostprocessing = 0;
		};
/* End PBXResourcesBuildPhase section */

/* Begin PBXShellScriptBuildPhase section */
		00DD1BFF1BD5951E006B06BC /* Bundle Expo Assets (React Native code and images) */ = {
			isa = PBXShellScriptBuildPhase;
			buildActionMask = 2147483647;
			files = (
			);
			inputPaths = (
			);
			name = "Bundle Expo Assets (React Native code and images)";
			outputPaths = (
			);
			runOnlyForDeploymentPostprocessing = 0;
			shellPath = /bin/sh;
			shellScript = "export SENTRY_PROPERTIES=sentry.properties\nexport EXTRA_PACKAGER_ARGS=\"--sourcemap-output $DERIVED_FILE_DIR/main.jsbundle.map\"\nexport NODE_BINARY=node\nexport PROJECT_ROOT=\"$PROJECT_DIR/..\"\n\n../../../node_modules/@sentry/cli/bin/sentry-cli react-native xcode\n../../../node_modules/react-native/scripts/react-native-xcode.sh\n\nexport PROJECT_ROOT=\"$PROJECT_DIR\"\n../../../node_modules/expo-updates/scripts/create-manifest-ios.sh\n";
		};
		406FE5BB9051AF567AA5088B /* [CP] Copy Pods Resources */ = {
			isa = PBXShellScriptBuildPhase;
			buildActionMask = 2147483647;
			files = (
			);
			inputPaths = (
				"${PODS_ROOT}/Target Support Files/Pods-pool-share-extension/Pods-pool-share-extension-resources.sh",
				"${PODS_CONFIGURATION_BUILD_DIR}/React-Core/AccessibilityResources.bundle",
			);
			name = "[CP] Copy Pods Resources";
			outputPaths = (
				"${TARGET_BUILD_DIR}/${UNLOCALIZED_RESOURCES_FOLDER_PATH}/AccessibilityResources.bundle",
			);
			runOnlyForDeploymentPostprocessing = 0;
			shellPath = /bin/sh;
			shellScript = "\"${PODS_ROOT}/Target Support Files/Pods-pool-share-extension/Pods-pool-share-extension-resources.sh\"\n";
			showEnvVarsInLog = 0;
		};
		489F39A123F30E5A003D483F /* Bundle Expo Assets (React Native code and images) */ = {
			isa = PBXShellScriptBuildPhase;
			buildActionMask = 2147483647;
			files = (
			);
			inputFileListPaths = (
			);
			inputPaths = (
			);
			name = "Bundle Expo Assets (React Native code and images)";
			outputFileListPaths = (
			);
			outputPaths = (
			);
			runOnlyForDeploymentPostprocessing = 0;
			shellPath = /bin/sh;
			shellScript = "export SENTRY_PROPERTIES=sentry.properties\nexport EXTRA_PACKAGER_ARGS=\"--sourcemap-output $DERIVED_FILE_DIR/main.jsbundle.map\"\nexport NODE_BINARY=node\nexport PROJECT_ROOT=\"$PROJECT_DIR/..\"\n\n../../../node_modules/@sentry/cli/bin/sentry-cli react-native xcode\n../../../node_modules/react-native/scripts/react-native-xcode.sh\n";
		};
		5D34C5C9EDF84A6CA7A0E6E7 /* Upload Debug Symbols to Sentry */ = {
			isa = PBXShellScriptBuildPhase;
			buildActionMask = 2147483647;
			files = (
			);
			inputPaths = (
			);
			name = "Upload Debug Symbols to Sentry";
			outputPaths = (
			);
			runOnlyForDeploymentPostprocessing = 0;
			shellPath = /bin/sh;
			shellScript = "export SENTRY_PROPERTIES=sentry.properties\n../../../node_modules/@sentry/cli/bin/sentry-cli upload-dsym\n";
		};
		8565826129C0ED5FC11DE423 /* [CP] Copy Pods Resources */ = {
			isa = PBXShellScriptBuildPhase;
			buildActionMask = 2147483647;
			files = (
			);
			inputPaths = (
				"${PODS_ROOT}/Target Support Files/Pods-pool/Pods-pool-resources.sh",
				"${PODS_CONFIGURATION_BUILD_DIR}/React-Core/AccessibilityResources.bundle",
			);
			name = "[CP] Copy Pods Resources";
			outputPaths = (
				"${TARGET_BUILD_DIR}/${UNLOCALIZED_RESOURCES_FOLDER_PATH}/AccessibilityResources.bundle",
			);
			runOnlyForDeploymentPostprocessing = 0;
			shellPath = /bin/sh;
			shellScript = "\"${PODS_ROOT}/Target Support Files/Pods-pool/Pods-pool-resources.sh\"\n";
			showEnvVarsInLog = 0;
		};
		B30900A14C60802EBB9FD7B0 /* [CP] Check Pods Manifest.lock */ = {
			isa = PBXShellScriptBuildPhase;
			buildActionMask = 2147483647;
			files = (
			);
			inputFileListPaths = (
			);
			inputPaths = (
				"${PODS_PODFILE_DIR_PATH}/Podfile.lock",
				"${PODS_ROOT}/Manifest.lock",
			);
			name = "[CP] Check Pods Manifest.lock";
			outputFileListPaths = (
			);
			outputPaths = (
				"$(DERIVED_FILE_DIR)/Pods-pool-share-extension-checkManifestLockResult.txt",
			);
			runOnlyForDeploymentPostprocessing = 0;
			shellPath = /bin/sh;
			shellScript = "diff \"${PODS_PODFILE_DIR_PATH}/Podfile.lock\" \"${PODS_ROOT}/Manifest.lock\" > /dev/null\nif [ $? != 0 ] ; then\n    # print error to STDERR\n    echo \"error: The sandbox is not in sync with the Podfile.lock. Run 'pod install' or update your CocoaPods installation.\" >&2\n    exit 1\nfi\n# This output is used by Xcode 'outputs' to avoid re-running this script phase.\necho \"SUCCESS\" > \"${SCRIPT_OUTPUT_FILE_0}\"\n";
			showEnvVarsInLog = 0;
		};
		F8BC737F2AD7A05944D9E2A1 /* [CP] Check Pods Manifest.lock */ = {
			isa = PBXShellScriptBuildPhase;
			buildActionMask = 2147483647;
			files = (
			);
			inputFileListPaths = (
			);
			inputPaths = (
				"${PODS_PODFILE_DIR_PATH}/Podfile.lock",
				"${PODS_ROOT}/Manifest.lock",
			);
			name = "[CP] Check Pods Manifest.lock";
			outputFileListPaths = (
			);
			outputPaths = (
				"$(DERIVED_FILE_DIR)/Pods-pool-checkManifestLockResult.txt",
			);
			runOnlyForDeploymentPostprocessing = 0;
			shellPath = /bin/sh;
			shellScript = "diff \"${PODS_PODFILE_DIR_PATH}/Podfile.lock\" \"${PODS_ROOT}/Manifest.lock\" > /dev/null\nif [ $? != 0 ] ; then\n    # print error to STDERR\n    echo \"error: The sandbox is not in sync with the Podfile.lock. Run 'pod install' or update your CocoaPods installation.\" >&2\n    exit 1\nfi\n# This output is used by Xcode 'outputs' to avoid re-running this script phase.\necho \"SUCCESS\" > \"${SCRIPT_OUTPUT_FILE_0}\"\n";
			showEnvVarsInLog = 0;
		};
		FD4C38642228810C00325AF5 /* Start Packager */ = {
			isa = PBXShellScriptBuildPhase;
			buildActionMask = 2147483647;
			files = (
			);
			inputFileListPaths = (
			);
			inputPaths = (
			);
			name = "Start Packager";
			outputFileListPaths = (
			);
			outputPaths = (
			);
			runOnlyForDeploymentPostprocessing = 0;
			shellPath = /bin/sh;
			shellScript = "export RCT_METRO_PORT=\"${RCT_METRO_PORT:=8081}\"\necho \"export RCT_METRO_PORT=${RCT_METRO_PORT}\" > \"${SRCROOT}/../node_modules/react-native/scripts/.packager.env\"\nif [ -z \"${RCT_NO_LAUNCH_PACKAGER+xxx}\" ] ; then\n  if nc -w 5 -z localhost ${RCT_METRO_PORT} ; then\n    if ! curl -s \"http://localhost:${RCT_METRO_PORT}/status\" | grep -q \"packager-status:running\" ; then\n      echo \"Port ${RCT_METRO_PORT} already in use, packager is either not running or not running correctly\"\n      exit 2\n    fi\n  else\n    open \"$SRCROOT/../node_modules/react-native/scripts/launchPackager.command\" || echo \"Can't start packager automatically\"\n  fi\nfi\n";
			showEnvVarsInLog = 0;
		};
/* End PBXShellScriptBuildPhase section */

/* Begin PBXSourcesBuildPhase section */
		13B07F871A680F5B00A75B9A /* Sources */ = {
			isa = PBXSourcesBuildPhase;
			buildActionMask = 2147483647;
			files = (
				13B07FBC1A68108700A75B9A /* AppDelegate.m in Sources */,
				13B07FC11A68108700A75B9A /* main.m in Sources */,
			);
			runOnlyForDeploymentPostprocessing = 0;
		};
		48E1AB4423F16B33006BFB0A /* Sources */ = {
			isa = PBXSourcesBuildPhase;
			buildActionMask = 2147483647;
			files = (
				489F399623F2A154003D483F /* ShareViewController.m in Sources */,
			);
			runOnlyForDeploymentPostprocessing = 0;
		};
/* End PBXSourcesBuildPhase section */

/* Begin PBXTargetDependency section */
		48E1AB5223F16B33006BFB0A /* PBXTargetDependency */ = {
			isa = PBXTargetDependency;
			target = 48E1AB4723F16B33006BFB0A /* share-extension */;
			targetProxy = 48E1AB5123F16B33006BFB0A /* PBXContainerItemProxy */;
		};
/* End PBXTargetDependency section */

/* Begin XCBuildConfiguration section */
		13B07F941A680F5B00A75B9A /* Debug */ = {
			isa = XCBuildConfiguration;
			baseConfigurationReference = 3B47C5AFCB8BDE514B7D1AC6 /* Pods-pool.debug.xcconfig */;
			buildSettings = {
				ASSETCATALOG_COMPILER_APPICON_NAME = AppIcon;
				CODE_SIGN_ENTITLEMENTS = pool/poolDebug.entitlements;
				CODE_SIGN_IDENTITY = "iPhone Developer";
				"CODE_SIGN_IDENTITY[sdk=iphoneos*]" = "iPhone Developer";
				CODE_SIGN_STYLE = Manual;
				CURRENT_PROJECT_VERSION = 1;
				DEAD_CODE_STRIPPING = NO;
				DEVELOPMENT_TEAM = 3RSX3Y59GX;
				INFOPLIST_FILE = pool/Info.plist;
				LD_RUNPATH_SEARCH_PATHS = "$(inherited) @executable_path/Frameworks";
				MARKETING_VERSION = 1.3.1;
				OTHER_LDFLAGS = (
					"$(inherited)",
					"-ObjC",
					"-lc++",
				);
				PRODUCT_BUNDLE_IDENTIFIER = com.pool.pool;
				PRODUCT_NAME = pool;
				PROVISIONING_PROFILE_SPECIFIER = "match Development com.pool.pool";
				VERSIONING_SYSTEM = "apple-generic";
			};
			name = Debug;
		};
		13B07F951A680F5B00A75B9A /* Release */ = {
			isa = XCBuildConfiguration;
			baseConfigurationReference = 8AC623DBF3A3E2CB072F81F2 /* Pods-pool.release.xcconfig */;
			buildSettings = {
				ASSETCATALOG_COMPILER_APPICON_NAME = AppIcon;
				CODE_SIGN_ENTITLEMENTS = pool/poolRelease.entitlements;
				CODE_SIGN_IDENTITY = "Apple Distribution: Hook inc. (3RSX3Y59GX)";
				CODE_SIGN_STYLE = Manual;
				CURRENT_PROJECT_VERSION = 1;
				DEVELOPMENT_TEAM = 3RSX3Y59GX;
				INFOPLIST_FILE = pool/Info.plist;
				LD_RUNPATH_SEARCH_PATHS = "$(inherited) @executable_path/Frameworks";
				MARKETING_VERSION = 1.3.1;
				OTHER_LDFLAGS = (
					"$(inherited)",
					"-ObjC",
					"-lc++",
				);
				PRODUCT_BUNDLE_IDENTIFIER = com.pool.pool;
				PRODUCT_NAME = pool;
				PROVISIONING_PROFILE_SPECIFIER = "match AppStore com.pool.pool";
				VERSIONING_SYSTEM = "apple-generic";
			};
			name = Release;
		};
		48E1AB5523F16B33006BFB0A /* Debug */ = {
			isa = XCBuildConfiguration;
			baseConfigurationReference = CDB9E93F08F35E7E2289736C /* Pods-pool-share-extension.debug.xcconfig */;
			buildSettings = {
				CLANG_ANALYZER_NONNULL = YES;
				CLANG_ANALYZER_NUMBER_OBJECT_CONVERSION = YES_AGGRESSIVE;
				CLANG_CXX_LANGUAGE_STANDARD = "gnu++14";
				CLANG_ENABLE_OBJC_WEAK = YES;
				CLANG_WARN_DOCUMENTATION_COMMENTS = YES;
				CLANG_WARN_UNGUARDED_AVAILABILITY = YES_AGGRESSIVE;
				CODE_SIGN_ENTITLEMENTS = "share-extension/share-extensionDebug.entitlements";
				CODE_SIGN_IDENTITY = "iPhone Developer";
				CODE_SIGN_STYLE = Manual;
				CURRENT_PROJECT_VERSION = 1;
				DEBUG_INFORMATION_FORMAT = dwarf;
				DEVELOPMENT_TEAM = 3RSX3Y59GX;
				GCC_C_LANGUAGE_STANDARD = gnu11;
				HEADER_SEARCH_PATHS = "$(inherited)";
				INFOPLIST_FILE = "share-extension/Info.plist";
				IPHONEOS_DEPLOYMENT_TARGET = 9.0;
				LD_RUNPATH_SEARCH_PATHS = "$(inherited) @executable_path/Frameworks @executable_path/../../Frameworks";
				MARKETING_VERSION = 1.3.1;
				MTL_ENABLE_DEBUG_INFO = INCLUDE_SOURCE;
				MTL_FAST_MATH = YES;
				OTHER_LDFLAGS = "$(inherited)";
				PRODUCT_BUNDLE_IDENTIFIER = "com.pool.pool.share-extension";
				PRODUCT_NAME = Pool;
				PROVISIONING_PROFILE_SPECIFIER = "match Development com.pool.pool.share-extension";
				SKIP_INSTALL = YES;
				TARGETED_DEVICE_FAMILY = 1;
			};
			name = Debug;
		};
		48E1AB5623F16B33006BFB0A /* Release */ = {
			isa = XCBuildConfiguration;
			baseConfigurationReference = 20E5FF86AA2B4011597F9522 /* Pods-pool-share-extension.release.xcconfig */;
			buildSettings = {
				CLANG_ANALYZER_NONNULL = YES;
				CLANG_ANALYZER_NUMBER_OBJECT_CONVERSION = YES_AGGRESSIVE;
				CLANG_CXX_LANGUAGE_STANDARD = "gnu++14";
				CLANG_ENABLE_OBJC_WEAK = YES;
				CLANG_WARN_DOCUMENTATION_COMMENTS = YES;
				CLANG_WARN_UNGUARDED_AVAILABILITY = YES_AGGRESSIVE;
				CODE_SIGN_ENTITLEMENTS = "share-extension/share-extensionRelease.entitlements";
				CODE_SIGN_IDENTITY = "Apple Distribution: Hook inc. (3RSX3Y59GX)";
				CODE_SIGN_STYLE = Manual;
				COPY_PHASE_STRIP = NO;
				CURRENT_PROJECT_VERSION = 1;
				DEBUG_INFORMATION_FORMAT = "dwarf-with-dsym";
				DEVELOPMENT_TEAM = 3RSX3Y59GX;
				GCC_C_LANGUAGE_STANDARD = gnu11;
				HEADER_SEARCH_PATHS = "$(inherited)";
				INFOPLIST_FILE = "share-extension/Info.plist";
				IPHONEOS_DEPLOYMENT_TARGET = 9.0;
				LD_RUNPATH_SEARCH_PATHS = "$(inherited) @executable_path/Frameworks @executable_path/../../Frameworks";
				MARKETING_VERSION = 1.3.1;
				MTL_FAST_MATH = YES;
				OTHER_LDFLAGS = "$(inherited)";
				PRODUCT_BUNDLE_IDENTIFIER = "com.pool.pool.share-extension";
				PRODUCT_NAME = Pool;
				PROVISIONING_PROFILE_SPECIFIER = "match AppStore com.pool.pool.share-extension";
				SKIP_INSTALL = YES;
				TARGETED_DEVICE_FAMILY = 1;
			};
			name = Release;
		};
		83CBBA201A601CBA00E9B192 /* Debug */ = {
			isa = XCBuildConfiguration;
			buildSettings = {
				ALWAYS_SEARCH_USER_PATHS = NO;
				CLANG_ANALYZER_LOCALIZABILITY_NONLOCALIZED = YES;
				CLANG_CXX_LANGUAGE_STANDARD = "gnu++0x";
				CLANG_CXX_LIBRARY = "libc++";
				CLANG_ENABLE_MODULES = YES;
				CLANG_ENABLE_OBJC_ARC = YES;
				CLANG_WARN_BLOCK_CAPTURE_AUTORELEASING = YES;
				CLANG_WARN_BOOL_CONVERSION = YES;
				CLANG_WARN_COMMA = YES;
				CLANG_WARN_CONSTANT_CONVERSION = YES;
				CLANG_WARN_DEPRECATED_OBJC_IMPLEMENTATIONS = YES;
				CLANG_WARN_DIRECT_OBJC_ISA_USAGE = YES_ERROR;
				CLANG_WARN_EMPTY_BODY = YES;
				CLANG_WARN_ENUM_CONVERSION = YES;
				CLANG_WARN_INFINITE_RECURSION = YES;
				CLANG_WARN_INT_CONVERSION = YES;
				CLANG_WARN_NON_LITERAL_NULL_CONVERSION = YES;
				CLANG_WARN_OBJC_IMPLICIT_RETAIN_SELF = YES;
				CLANG_WARN_OBJC_LITERAL_CONVERSION = YES;
				CLANG_WARN_OBJC_ROOT_CLASS = YES_ERROR;
				CLANG_WARN_RANGE_LOOP_ANALYSIS = YES;
				CLANG_WARN_STRICT_PROTOTYPES = YES;
				CLANG_WARN_SUSPICIOUS_MOVE = YES;
				CLANG_WARN_UNREACHABLE_CODE = YES;
				CLANG_WARN__DUPLICATE_METHOD_MATCH = YES;
				CODE_SIGN_IDENTITY = "iPhone Developer";
				"CODE_SIGN_IDENTITY[sdk=iphoneos*]" = "iPhone Developer";
				COPY_PHASE_STRIP = NO;
				ENABLE_STRICT_OBJC_MSGSEND = YES;
				ENABLE_TESTABILITY = YES;
				GCC_C_LANGUAGE_STANDARD = gnu99;
				GCC_DYNAMIC_NO_PIC = NO;
				GCC_NO_COMMON_BLOCKS = YES;
				GCC_OPTIMIZATION_LEVEL = 0;
				GCC_PREPROCESSOR_DEFINITIONS = (
					"DEBUG=1",
					"$(inherited)",
				);
				GCC_SYMBOLS_PRIVATE_EXTERN = NO;
				GCC_WARN_64_TO_32_BIT_CONVERSION = YES;
				GCC_WARN_ABOUT_RETURN_TYPE = YES_ERROR;
				GCC_WARN_UNDECLARED_SELECTOR = YES;
				GCC_WARN_UNINITIALIZED_AUTOS = YES_AGGRESSIVE;
				GCC_WARN_UNUSED_FUNCTION = YES;
				GCC_WARN_UNUSED_VARIABLE = YES;
				IPHONEOS_DEPLOYMENT_TARGET = 9.0;
				MTL_ENABLE_DEBUG_INFO = YES;
				ONLY_ACTIVE_ARCH = YES;
				PRODUCT_BUNDLE_IDENTIFIER = com.pool.pool;
				PRODUCT_NAME = pool;
				SDKROOT = iphoneos;
			};
			name = Debug;
		};
		83CBBA211A601CBA00E9B192 /* Release */ = {
			isa = XCBuildConfiguration;
			buildSettings = {
				ALWAYS_SEARCH_USER_PATHS = NO;
				CLANG_ANALYZER_LOCALIZABILITY_NONLOCALIZED = YES;
				CLANG_CXX_LANGUAGE_STANDARD = "gnu++0x";
				CLANG_CXX_LIBRARY = "libc++";
				CLANG_ENABLE_MODULES = YES;
				CLANG_ENABLE_OBJC_ARC = YES;
				CLANG_WARN_BLOCK_CAPTURE_AUTORELEASING = YES;
				CLANG_WARN_BOOL_CONVERSION = YES;
				CLANG_WARN_COMMA = YES;
				CLANG_WARN_CONSTANT_CONVERSION = YES;
				CLANG_WARN_DEPRECATED_OBJC_IMPLEMENTATIONS = YES;
				CLANG_WARN_DIRECT_OBJC_ISA_USAGE = YES_ERROR;
				CLANG_WARN_EMPTY_BODY = YES;
				CLANG_WARN_ENUM_CONVERSION = YES;
				CLANG_WARN_INFINITE_RECURSION = YES;
				CLANG_WARN_INT_CONVERSION = YES;
				CLANG_WARN_NON_LITERAL_NULL_CONVERSION = YES;
				CLANG_WARN_OBJC_IMPLICIT_RETAIN_SELF = YES;
				CLANG_WARN_OBJC_LITERAL_CONVERSION = YES;
				CLANG_WARN_OBJC_ROOT_CLASS = YES_ERROR;
				CLANG_WARN_RANGE_LOOP_ANALYSIS = YES;
				CLANG_WARN_STRICT_PROTOTYPES = YES;
				CLANG_WARN_SUSPICIOUS_MOVE = YES;
				CLANG_WARN_UNREACHABLE_CODE = YES;
				CLANG_WARN__DUPLICATE_METHOD_MATCH = YES;
				CODE_SIGN_IDENTITY = "iPhone Distribution";
				"CODE_SIGN_IDENTITY[sdk=iphoneos*]" = "iPhone Distribution";
				COPY_PHASE_STRIP = YES;
				ENABLE_NS_ASSERTIONS = NO;
				ENABLE_STRICT_OBJC_MSGSEND = YES;
				GCC_C_LANGUAGE_STANDARD = gnu99;
				GCC_NO_COMMON_BLOCKS = YES;
				GCC_WARN_64_TO_32_BIT_CONVERSION = YES;
				GCC_WARN_ABOUT_RETURN_TYPE = YES_ERROR;
				GCC_WARN_UNDECLARED_SELECTOR = YES;
				GCC_WARN_UNINITIALIZED_AUTOS = YES_AGGRESSIVE;
				GCC_WARN_UNUSED_FUNCTION = YES;
				GCC_WARN_UNUSED_VARIABLE = YES;
				IPHONEOS_DEPLOYMENT_TARGET = 9.0;
				MTL_ENABLE_DEBUG_INFO = NO;
				PRODUCT_BUNDLE_IDENTIFIER = com.pool.pool;
				PRODUCT_NAME = pool;
				SDKROOT = iphoneos;
				VALIDATE_PRODUCT = YES;
			};
			name = Release;
		};
/* End XCBuildConfiguration section */

/* Begin XCConfigurationList section */
		13B07F931A680F5B00A75B9A /* Build configuration list for PBXNativeTarget "pool" */ = {
			isa = XCConfigurationList;
			buildConfigurations = (
				13B07F941A680F5B00A75B9A /* Debug */,
				13B07F951A680F5B00A75B9A /* Release */,
			);
			defaultConfigurationIsVisible = 0;
			defaultConfigurationName = Release;
		};
		48E1AB5423F16B33006BFB0A /* Build configuration list for PBXNativeTarget "share-extension" */ = {
			isa = XCConfigurationList;
			buildConfigurations = (
				48E1AB5523F16B33006BFB0A /* Debug */,
				48E1AB5623F16B33006BFB0A /* Release */,
			);
			defaultConfigurationIsVisible = 0;
			defaultConfigurationName = Release;
		};
		83CBB9FA1A601CBA00E9B192 /* Build configuration list for PBXProject "pool" */ = {
			isa = XCConfigurationList;
			buildConfigurations = (
				83CBBA201A601CBA00E9B192 /* Debug */,
				83CBBA211A601CBA00E9B192 /* Release */,
			);
			defaultConfigurationIsVisible = 0;
			defaultConfigurationName = Release;
		};
/* End XCConfigurationList section */
	};
	rootObject = 83CBB9F71A601CBA00E9B192 /* Project object */;
}
